
Microsoft Visual Studio Solution File, Format Version 12.00
# Visual Studio Version 17
VisualStudioVersion = 17.12.35527.113 d17.12
MinimumVisualStudioVersion = 10.0.40219.1
Project("{FAE04EC0-301F-11D3-BF4B-00C04F79EFBC}") = "GiaiBaiTap1", "GiaiBaiTap1\GiaiBaiTap1.csproj", "{1AB3BE0A-B6EE-4577-B4E9-9CED7CAF6501}"
EndProject
Project("{FAE04EC0-301F-11D3-BF4B-00C04F79EFBC}") = "BaitTap2", "BaitTap2\BaitTap2.csproj", "{6808AC00-5115-4374-9D73-0AA04DF6844D}"
EndProject
Global
	GlobalSection(SolutionConfigurationPlatforms) = preSolution
		Debug|Any CPU = Debug|Any CPU
		Release|Any CPU = Release|Any CPU
	EndGlobalSection
	GlobalSection(ProjectConfigurationPlatforms) = postSolution
		{1AB3BE0A-B6EE-4577-B4E9-9CED7CAF6501}.Debug|Any CPU.ActiveCfg = Debug|Any CPU
		{1AB3BE0A-B6EE-4577-B4E9-9CED7CAF6501}.Debug|Any CPU.Build.0 = Debug|Any CPU
		{1AB3BE0A-B6EE-4577-B4E9-9CED7CAF6501}.Release|Any CPU.ActiveCfg = Release|Any CPU
		{1AB3BE0A-B6EE-4577-B4E9-9CED7CAF6501}.Release|Any CPU.Build.0 = Release|Any CPU
		{6808AC00-5115-4374-9D73-0AA04DF6844D}.Debug|Any CPU.ActiveCfg = Debug|Any CPU
		{6808AC00-5115-4374-9D73-0AA04DF6844D}.Debug|Any CPU.Build.0 = Debug|Any CPU
		{6808AC00-5115-4374-9D73-0AA04DF6844D}.Release|Any CPU.ActiveCfg = Release|Any CPU
		{6808AC00-5115-4374-9D73-0AA04DF6844D}.Release|Any CPU.Build.0 = Release|Any CPU
	EndGlobalSection
	GlobalSection(SolutionProperties) = preSolution
		HideSolutionNode = FALSE
	EndGlobalSection
EndGlobal
